PODS:
  - AsyncSwift (2.0.4)
  - IQKeyboardManagerSwift (6.5.5)
  - MagicalRecord (2.3.2):
    - MagicalRecord/Core (= 2.3.2)
  - MagicalRecord/Core (2.3.2)
  - ReachabilitySwift (5.0.0)
  - SVProgressHUD (2.2.5)

DEPENDENCIES:
  - AsyncSwift
  - IQKeyboardManagerSwift
  - MagicalRecord
  - ReachabilitySwift
  - SVProgressHUD

SPEC REPOS:
  trunk:
    - AsyncSwift
    - IQKeyboardManagerSwift
    - MagicalRecord
    - ReachabilitySwift
    - SVProgressHUD

SPEC CHECKSUMS:
  AsyncSwift: 65775a7b32e740609b24969ece3de58723b9dc3e
  IQKeyboardManagerSwift: 0fb93310284665245591f50f7a5e38de615960b7
  MagicalRecord: 53bed74b4323b930992a725be713e53b37d19755
  ReachabilitySwift: 985039c6f7b23a1da463388634119492ff86c825
  SVProgressHUD: 1428aafac632c1f86f62aa4243ec12008d7a51d6

PODFILE CHECKSUM: dfa1cc77ede863083dfabb40b2a7fd2eb647b06f

COCOAPODS: 1.8.4
