// !$*UTF8*$!
{
	archiveVersion = 1;
	classes = {
	};
	objectVersion = 51;
	objects = {

/* Begin PBXBuildFile section */
		016C7540FBEA2821BD6EFA69 /* Pods_SWCharactersPractice.framework in Frameworks */ = {isa = PBXBuildFile; fileRef = C33B20C371D2646E3590F676 /* Pods_SWCharactersPractice.framework */; };
		B571680723FA052B00F4B8E3 /* AppDelegate.swift in Sources */ = {isa = PBXBuildFile; fileRef = B571680623FA052B00F4B8E3 /* AppDelegate.swift */; };
		B571681123FA052B00F4B8E3 /* SWCharactersPractice.xcdatamodeld in Sources */ = {isa = PBXBuildFile; fileRef = B571680F23FA052B00F4B8E3 /* SWCharactersPractice.xcdatamodeld */; };
		B571681323FA052C00F4B8E3 /* Assets.xcassets in Resources */ = {isa = PBXBuildFile; fileRef = B571681223FA052C00F4B8E3 /* Assets.xcassets */; };
		B571681623FA052C00F4B8E3 /* LaunchScreen.storyboard in Resources */ = {isa = PBXBuildFile; fileRef = B571681423FA052C00F4B8E3 /* LaunchScreen.storyboard */; };
		B571682323FA080700F4B8E3 /* API.swift in Sources */ = {isa = PBXBuildFile; fileRef = B571682223FA080700F4B8E3 /* API.swift */; };
		B571682523FA084300F4B8E3 /* DataManager.swift in Sources */ = {isa = PBXBuildFile; fileRef = B571682423FA084300F4B8E3 /* DataManager.swift */; };
		B571682923FA089500F4B8E3 /* SearchVC.swift in Sources */ = {isa = PBXBuildFile; fileRef = B571682723FA089500F4B8E3 /* SearchVC.swift */; };
		B571682A23FA089500F4B8E3 /* SearchVC.xib in Resources */ = {isa = PBXBuildFile; fileRef = B571682823FA089500F4B8E3 /* SearchVC.xib */; };
		B571682D23FA08B400F4B8E3 /* CharacterInfoVC.swift in Sources */ = {isa = PBXBuildFile; fileRef = B571682B23FA08B400F4B8E3 /* CharacterInfoVC.swift */; };
		B571682E23FA08B400F4B8E3 /* CharacterInfoVC.xib in Resources */ = {isa = PBXBuildFile; fileRef = B571682C23FA08B400F4B8E3 /* CharacterInfoVC.xib */; };
		B571682F23FA090900F4B8E3 /* Localizable.strings in Resources */ = {isa = PBXBuildFile; fileRef = B571683123FA090900F4B8E3 /* Localizable.strings */; };
		B571683723FA0A0300F4B8E3 /* ReachabilityManager.swift in Sources */ = {isa = PBXBuildFile; fileRef = B571683623FA0A0300F4B8E3 /* ReachabilityManager.swift */; };
/* End PBXBuildFile section */

/* Begin PBXFileReference section */
		097738929FEFA9ECCD0F96A3 /* Pods-SWCharactersPractice.debug.xcconfig */ = {isa = PBXFileReference; includeInIndex = 1; lastKnownFileType = text.xcconfig; name = "Pods-SWCharactersPractice.debug.xcconfig"; path = "Target Support Files/Pods-SWCharactersPractice/Pods-SWCharactersPractice.debug.xcconfig"; sourceTree = "<group>"; };
		B571680323FA052B00F4B8E3 /* SWCharacters.app */ = {isa = PBXFileReference; explicitFileType = wrapper.application; includeInIndex = 0; path = SWCharacters.app; sourceTree = BUILT_PRODUCTS_DIR; };
		B571680623FA052B00F4B8E3 /* AppDelegate.swift */ = {isa = PBXFileReference; lastKnownFileType = sourcecode.swift; path = AppDelegate.swift; sourceTree = "<group>"; };
		B571681023FA052B00F4B8E3 /* SWCharactersPractice.xcdatamodel */ = {isa = PBXFileReference; lastKnownFileType = wrapper.xcdatamodel; path = SWCharactersPractice.xcdatamodel; sourceTree = "<group>"; };
		B571681223FA052C00F4B8E3 /* Assets.xcassets */ = {isa = PBXFileReference; lastKnownFileType = folder.assetcatalog; path = Assets.xcassets; sourceTree = "<group>"; };
		B571681523FA052C00F4B8E3 /* Base */ = {isa = PBXFileReference; lastKnownFileType = file.storyboard; name = Base; path = Base.lproj/LaunchScreen.storyboard; sourceTree = "<group>"; };
		B571681723FA052C00F4B8E3 /* Info.plist */ = {isa = PBXFileReference; lastKnownFileType = text.plist.xml; path = Info.plist; sourceTree = "<group>"; };
		B571682223FA080700F4B8E3 /* API.swift */ = {isa = PBXFileReference; lastKnownFileType = sourcecode.swift; path = API.swift; sourceTree = "<group>"; };
		B571682423FA084300F4B8E3 /* DataManager.swift */ = {isa = PBXFileReference; lastKnownFileType = sourcecode.swift; path = DataManager.swift; sourceTree = "<group>"; };
		B571682723FA089500F4B8E3 /* SearchVC.swift */ = {isa = PBXFileReference; lastKnownFileType = sourcecode.swift; path = SearchVC.swift; sourceTree = "<group>"; };
		B571682823FA089500F4B8E3 /* SearchVC.xib */ = {isa = PBXFileReference; lastKnownFileType = file.xib; path = SearchVC.xib; sourceTree = "<group>"; };
		B571682B23FA08B400F4B8E3 /* CharacterInfoVC.swift */ = {isa = PBXFileReference; lastKnownFileType = sourcecode.swift; path = CharacterInfoVC.swift; sourceTree = "<group>"; };
		B571682C23FA08B400F4B8E3 /* CharacterInfoVC.xib */ = {isa = PBXFileReference; lastKnownFileType = file.xib; path = CharacterInfoVC.xib; sourceTree = "<group>"; };
		B571683023FA090900F4B8E3 /* en */ = {isa = PBXFileReference; lastKnownFileType = text.plist.strings; name = en; path = en.lproj/Localizable.strings; sourceTree = "<group>"; };
		B571683423FA093800F4B8E3 /* ru */ = {isa = PBXFileReference; lastKnownFileType = text.plist.strings; name = ru; path = ru.lproj/Localizable.strings; sourceTree = "<group>"; };
		B571683623FA0A0300F4B8E3 /* ReachabilityManager.swift */ = {isa = PBXFileReference; lastKnownFileType = sourcecode.swift; path = ReachabilityManager.swift; sourceTree = "<group>"; };
		C33B20C371D2646E3590F676 /* Pods_SWCharactersPractice.framework */ = {isa = PBXFileReference; explicitFileType = wrapper.framework; includeInIndex = 0; path = Pods_SWCharactersPractice.framework; sourceTree = BUILT_PRODUCTS_DIR; };
		E46AC823EF2B0A95C8387BC2 /* Pods-SWCharactersPractice.release.xcconfig */ = {isa = PBXFileReference; includeInIndex = 1; lastKnownFileType = text.xcconfig; name = "Pods-SWCharactersPractice.release.xcconfig"; path = "Target Support Files/Pods-SWCharactersPractice/Pods-SWCharactersPractice.release.xcconfig"; sourceTree = "<group>"; };
/* End PBXFileReference section */

/* Begin PBXFrameworksBuildPhase section */
		B571680023FA052B00F4B8E3 /* Frameworks */ = {
			isa = PBXFrameworksBuildPhase;
			buildActionMask = 2147483647;
			files = (
				016C7540FBEA2821BD6EFA69 /* Pods_SWCharactersPractice.framework in Frameworks */,
			);
			runOnlyForDeploymentPostprocessing = 0;
		};
/* End PBXFrameworksBuildPhase section */

/* Begin PBXGroup section */
		81C113AFEF23A6E0291501B2 /* Pods */ = {
			isa = PBXGroup;
			children = (
				097738929FEFA9ECCD0F96A3 /* Pods-SWCharactersPractice.debug.xcconfig */,
				E46AC823EF2B0A95C8387BC2 /* Pods-SWCharactersPractice.release.xcconfig */,
			);
			path = Pods;
			sourceTree = "<group>";
		};
		B57167FA23FA052B00F4B8E3 = {
			isa = PBXGroup;
			children = (
				B571680523FA052B00F4B8E3 /* SWCharactersPractice */,
				B571680423FA052B00F4B8E3 /* Products */,
				81C113AFEF23A6E0291501B2 /* Pods */,
				CF9653E3209D8950962B9EE8 /* Frameworks */,
			);
			sourceTree = "<group>";
		};
		B571680423FA052B00F4B8E3 /* Products */ = {
			isa = PBXGroup;
			children = (
				B571680323FA052B00F4B8E3 /* SWCharacters.app */,
			);
			name = Products;
			sourceTree = "<group>";
		};
		B571680523FA052B00F4B8E3 /* SWCharactersPractice */ = {
			isa = PBXGroup;
			children = (
				B571683523FA09EC00F4B8E3 /* Utils */,
				B571681F23FA077000F4B8E3 /* UI */,
				B571681D23FA073200F4B8E3 /* CoreData */,
				B571680623FA052B00F4B8E3 /* AppDelegate.swift */,
				B571681223FA052C00F4B8E3 /* Assets.xcassets */,
				B571681723FA052C00F4B8E3 /* Info.plist */,
				B571683123FA090900F4B8E3 /* Localizable.strings */,
				B571682223FA080700F4B8E3 /* API.swift */,
				B571682423FA084300F4B8E3 /* DataManager.swift */,
			);
			path = SWCharactersPractice;
			sourceTree = "<group>";
		};
		B571681D23FA073200F4B8E3 /* CoreData */ = {
			isa = PBXGroup;
			children = (
				B571680F23FA052B00F4B8E3 /* SWCharactersPractice.xcdatamodeld */,
			);
			path = CoreData;
			sourceTree = "<group>";
		};
		B571681F23FA077000F4B8E3 /* UI */ = {
			isa = PBXGroup;
			children = (
				B571682623FA085E00F4B8E3 /* VC */,
				B571681423FA052C00F4B8E3 /* LaunchScreen.storyboard */,
			);
			path = UI;
			sourceTree = "<group>";
		};
		B571682623FA085E00F4B8E3 /* VC */ = {
			isa = PBXGroup;
			children = (
				B571682723FA089500F4B8E3 /* SearchVC.swift */,
				B571682823FA089500F4B8E3 /* SearchVC.xib */,
				B571682B23FA08B400F4B8E3 /* CharacterInfoVC.swift */,
				B571682C23FA08B400F4B8E3 /* CharacterInfoVC.xib */,
			);
			path = VC;
			sourceTree = "<group>";
		};
		B571683523FA09EC00F4B8E3 /* Utils */ = {
			isa = PBXGroup;
			children = (
				B571683623FA0A0300F4B8E3 /* ReachabilityManager.swift */,
			);
			path = Utils;
			sourceTree = "<group>";
		};
		CF9653E3209D8950962B9EE8 /* Frameworks */ = {
			isa = PBXGroup;
			children = (
				C33B20C371D2646E3590F676 /* Pods_SWCharactersPractice.framework */,
			);
			name = Frameworks;
			sourceTree = "<group>";
		};
/* End PBXGroup section */

/* Begin PBXNativeTarget section */
		B571680223FA052B00F4B8E3 /* SWCharactersPractice */ = {
			isa = PBXNativeTarget;
			buildConfigurationList = B571681A23FA052C00F4B8E3 /* Build configuration list for PBXNativeTarget "SWCharactersPractice" */;
			buildPhases = (
				2578E568B618B9A57FF4E68C /* [CP] Check Pods Manifest.lock */,
				B57167FF23FA052B00F4B8E3 /* Sources */,
				B571680023FA052B00F4B8E3 /* Frameworks */,
				B571680123FA052B00F4B8E3 /* Resources */,
				BAABA4433D5F3C41DBAE6BC0 /* [CP] Embed Pods Frameworks */,
			);
			buildRules = (
			);
			dependencies = (
			);
			name = SWCharactersPractice;
			productName = SWCharactersPractice;
			productReference = B571680323FA052B00F4B8E3 /* SWCharacters.app */;
			productType = "com.apple.product-type.application";
		};
/* End PBXNativeTarget section */

/* Begin PBXProject section */
		B57167FB23FA052B00F4B8E3 /* Project object */ = {
			isa = PBXProject;
			attributes = {
				LastSwiftUpdateCheck = 1130;
				LastUpgradeCheck = 1130;
				ORGANIZATIONNAME = "Mihail Barinov";
				TargetAttributes = {
					B571680223FA052B00F4B8E3 = {
						CreatedOnToolsVersion = 11.3.1;
					};
				};
			};
			buildConfigurationList = B57167FE23FA052B00F4B8E3 /* Build configuration list for PBXProject "SWCharactersPractice" */;
			compatibilityVersion = "Xcode 9.3";
			developmentRegion = en;
			hasScannedForEncodings = 0;
			knownRegions = (
				en,
				Base,
				ru,
			);
			mainGroup = B57167FA23FA052B00F4B8E3;
			productRefGroup = B571680423FA052B00F4B8E3 /* Products */;
			projectDirPath = "";
			projectRoot = "";
			targets = (
				B571680223FA052B00F4B8E3 /* SWCharactersPractice */,
			);
		};
/* End PBXProject section */

/* Begin PBXResourcesBuildPhase section */
		B571680123FA052B00F4B8E3 /* Resources */ = {
			isa = PBXResourcesBuildPhase;
			buildActionMask = 2147483647;
			files = (
				B571682E23FA08B400F4B8E3 /* CharacterInfoVC.xib in Resources */,
				B571682A23FA089500F4B8E3 /* SearchVC.xib in Resources */,
				B571681623FA052C00F4B8E3 /* LaunchScreen.storyboard in Resources */,
				B571682F23FA090900F4B8E3 /* Localizable.strings in Resources */,
				B571681323FA052C00F4B8E3 /* Assets.xcassets in Resources */,
			);
			runOnlyForDeploymentPostprocessing = 0;
		};
/* End PBXResourcesBuildPhase section */

/* Begin PBXShellScriptBuildPhase section */
		2578E568B618B9A57FF4E68C /* [CP] Check Pods Manifest.lock */ = {
			isa = PBXShellScriptBuildPhase;
			buildActionMask = 2147483647;
			files = (
			);
			inputFileListPaths = (
			);
			inputPaths = (
				"${PODS_PODFILE_DIR_PATH}/Podfile.lock",
				"${PODS_ROOT}/Manifest.lock",
			);
			name = "[CP] Check Pods Manifest.lock";
			outputFileListPaths = (
			);
			outputPaths = (
				"$(DERIVED_FILE_DIR)/Pods-SWCharactersPractice-checkManifestLockResult.txt",
			);
			runOnlyForDeploymentPostprocessing = 0;
			shellPath = /bin/sh;
			shellScript = "diff \"${PODS_PODFILE_DIR_PATH}/Podfile.lock\" \"${PODS_ROOT}/Manifest.lock\" > /dev/null\nif [ $? != 0 ] ; then\n    # print error to STDERR\n    echo \"error: The sandbox is not in sync with the Podfile.lock. Run 'pod install' or update your CocoaPods installation.\" >&2\n    exit 1\nfi\n# This output is used by Xcode 'outputs' to avoid re-running this script phase.\necho \"SUCCESS\" > \"${SCRIPT_OUTPUT_FILE_0}\"\n";
			showEnvVarsInLog = 0;
		};
		BAABA4433D5F3C41DBAE6BC0 /* [CP] Embed Pods Frameworks */ = {
			isa = PBXShellScriptBuildPhase;
			buildActionMask = 2147483647;
			files = (
			);
			inputFileListPaths = (
				"${PODS_ROOT}/Target Support Files/Pods-SWCharactersPractice/Pods-SWCharactersPractice-frameworks-${CONFIGURATION}-input-files.xcfilelist",
			);
			name = "[CP] Embed Pods Frameworks";
			outputFileListPaths = (
				"${PODS_ROOT}/Target Support Files/Pods-SWCharactersPractice/Pods-SWCharactersPractice-frameworks-${CONFIGURATION}-output-files.xcfilelist",
			);
			runOnlyForDeploymentPostprocessing = 0;
			shellPath = /bin/sh;
			shellScript = "\"${PODS_ROOT}/Target Support Files/Pods-SWCharactersPractice/Pods-SWCharactersPractice-frameworks.sh\"\n";
			showEnvVarsInLog = 0;
		};
/* End PBXShellScriptBuildPhase section */

/* Begin PBXSourcesBuildPhase section */
		B57167FF23FA052B00F4B8E3 /* Sources */ = {
			isa = PBXSourcesBuildPhase;
			buildActionMask = 2147483647;
			files = (
				B571680723FA052B00F4B8E3 /* AppDelegate.swift in Sources */,
				B571682923FA089500F4B8E3 /* SearchVC.swift in Sources */,
				B571683723FA0A0300F4B8E3 /* ReachabilityManager.swift in Sources */,
				B571682523FA084300F4B8E3 /* DataManager.swift in Sources */,
				B571682323FA080700F4B8E3 /* API.swift in Sources */,
				B571682D23FA08B400F4B8E3 /* CharacterInfoVC.swift in Sources */,
				B571681123FA052B00F4B8E3 /* SWCharactersPractice.xcdatamodeld in Sources */,
			);
			runOnlyForDeploymentPostprocessing = 0;
		};
/* End PBXSourcesBuildPhase section */

/* Begin PBXVariantGroup section */
		B571681423FA052C00F4B8E3 /* LaunchScreen.storyboard */ = {
			isa = PBXVariantGroup;
			children = (
				B571681523FA052C00F4B8E3 /* Base */,
			);
			name = LaunchScreen.storyboard;
			sourceTree = "<group>";
		};
		B571683123FA090900F4B8E3 /* Localizable.strings */ = {
			isa = PBXVariantGroup;
			children = (
				B571683023FA090900F4B8E3 /* en */,
				B571683423FA093800F4B8E3 /* ru */,
			);
			name = Localizable.strings;
			sourceTree = "<group>";
		};
/* End PBXVariantGroup section */

/* Begin XCBuildConfiguration section */
		B571681823FA052C00F4B8E3 /* Debug */ = {
			isa = XCBuildConfiguration;
			buildSettings = {
				ALWAYS_SEARCH_USER_PATHS = NO;
				CLANG_ANALYZER_LOCALIZABILITY_NONLOCALIZED = YES;
				CLANG_ANALYZER_NONNULL = YES;
				CLANG_ANALYZER_NUMBER_OBJECT_CONVERSION = YES_AGGRESSIVE;
				CLANG_CXX_LANGUAGE_STANDARD = "gnu++14";
				CLANG_CXX_LIBRARY = "libc++";
				CLANG_ENABLE_MODULES = YES;
				CLANG_ENABLE_OBJC_ARC = YES;
				CLANG_ENABLE_OBJC_WEAK = YES;
				CLANG_WARN_BLOCK_CAPTURE_AUTORELEASING = YES;
				CLANG_WARN_BOOL_CONVERSION = YES;
				CLANG_WARN_COMMA = YES;
				CLANG_WARN_CONSTANT_CONVERSION = YES;
				CLANG_WARN_DEPRECATED_OBJC_IMPLEMENTATIONS = YES;
				CLANG_WARN_DIRECT_OBJC_ISA_USAGE = YES_ERROR;
				CLANG_WARN_DOCUMENTATION_COMMENTS = YES;
				CLANG_WARN_EMPTY_BODY = YES;
				CLANG_WARN_ENUM_CONVERSION = YES;
				CLANG_WARN_INFINITE_RECURSION = YES;
				CLANG_WARN_INT_CONVERSION = YES;
				CLANG_WARN_NON_LITERAL_NULL_CONVERSION = YES;
				CLANG_WARN_OBJC_IMPLICIT_RETAIN_SELF = YES;
				CLANG_WARN_OBJC_LITERAL_CONVERSION = YES;
				CLANG_WARN_OBJC_ROOT_CLASS = YES_ERROR;
				CLANG_WARN_RANGE_LOOP_ANALYSIS = YES;
				CLANG_WARN_STRICT_PROTOTYPES = YES;
				CLANG_WARN_SUSPICIOUS_MOVE = YES;
				CLANG_WARN_UNGUARDED_AVAILABILITY = YES_AGGRESSIVE;
				CLANG_WARN_UNREACHABLE_CODE = YES;
				CLANG_WARN__DUPLICATE_METHOD_MATCH = YES;
				COPY_PHASE_STRIP = NO;
				DEBUG_INFORMATION_FORMAT = dwarf;
				ENABLE_STRICT_OBJC_MSGSEND = YES;
				ENABLE_TESTABILITY = YES;
				GCC_C_LANGUAGE_STANDARD = gnu11;
				GCC_DYNAMIC_NO_PIC = NO;
				GCC_NO_COMMON_BLOCKS = YES;
				GCC_OPTIMIZATION_LEVEL = 0;
				GCC_PREPROCESSOR_DEFINITIONS = (
					"DEBUG=1",
					"$(inherited)",
				);
				GCC_WARN_64_TO_32_BIT_CONVERSION = YES;
				GCC_WARN_ABOUT_RETURN_TYPE = YES_ERROR;
				GCC_WARN_UNDECLARED_SELECTOR = YES;
				GCC_WARN_UNINITIALIZED_AUTOS = YES_AGGRESSIVE;
				GCC_WARN_UNUSED_FUNCTION = YES;
				GCC_WARN_UNUSED_VARIABLE = YES;
				IPHONEOS_DEPLOYMENT_TARGET = 13.0;
				MTL_ENABLE_DEBUG_INFO = INCLUDE_SOURCE;
				MTL_FAST_MATH = YES;
				ONLY_ACTIVE_ARCH = YES;
				SDKROOT = iphoneos;
				SWIFT_ACTIVE_COMPILATION_CONDITIONS = DEBUG;
				SWIFT_OPTIMIZATION_LEVEL = "-Onone";
			};
			name = Debug;
		};
		B571681923FA052C00F4B8E3 /* Release */ = {
			isa = XCBuildConfiguration;
			buildSettings = {
				ALWAYS_SEARCH_USER_PATHS = NO;
				CLANG_ANALYZER_LOCALIZABILITY_NONLOCALIZED = YES;
				CLANG_ANALYZER_NONNULL = YES;
				CLANG_ANALYZER_NUMBER_OBJECT_CONVERSION = YES_AGGRESSIVE;
				CLANG_CXX_LANGUAGE_STANDARD = "gnu++14";
				CLANG_CXX_LIBRARY = "libc++";
				CLANG_ENABLE_MODULES = YES;
				CLANG_ENABLE_OBJC_ARC = YES;
				CLANG_ENABLE_OBJC_WEAK = YES;
				CLANG_WARN_BLOCK_CAPTURE_AUTORELEASING = YES;
				CLANG_WARN_BOOL_CONVERSION = YES;
				CLANG_WARN_COMMA = YES;
				CLANG_WARN_CONSTANT_CONVERSION = YES;
				CLANG_WARN_DEPRECATED_OBJC_IMPLEMENTATIONS = YES;
				CLANG_WARN_DIRECT_OBJC_ISA_USAGE = YES_ERROR;
				CLANG_WARN_DOCUMENTATION_COMMENTS = YES;
				CLANG_WARN_EMPTY_BODY = YES;
				CLANG_WARN_ENUM_CONVERSION = YES;
				CLANG_WARN_INFINITE_RECURSION = YES;
				CLANG_WARN_INT_CONVERSION = YES;
				CLANG_WARN_NON_LITERAL_NULL_CONVERSION = YES;
				CLANG_WARN_OBJC_IMPLICIT_RETAIN_SELF = YES;
				CLANG_WARN_OBJC_LITERAL_CONVERSION = YES;
				CLANG_WARN_OBJC_ROOT_CLASS = YES_ERROR;
				CLANG_WARN_RANGE_LOOP_ANALYSIS = YES;
				CLANG_WARN_STRICT_PROTOTYPES = YES;
				CLANG_WARN_SUSPICIOUS_MOVE = YES;
				CLANG_WARN_UNGUARDED_AVAILABILITY = YES_AGGRESSIVE;
				CLANG_WARN_UNREACHABLE_CODE = YES;
				CLANG_WARN__DUPLICATE_METHOD_MATCH = YES;
				COPY_PHASE_STRIP = NO;
				DEBUG_INFORMATION_FORMAT = "dwarf-with-dsym";
				ENABLE_NS_ASSERTIONS = NO;
				ENABLE_STRICT_OBJC_MSGSEND = YES;
				GCC_C_LANGUAGE_STANDARD = gnu11;
				GCC_NO_COMMON_BLOCKS = YES;
				GCC_WARN_64_TO_32_BIT_CONVERSION = YES;
				GCC_WARN_ABOUT_RETURN_TYPE = YES_ERROR;
				GCC_WARN_UNDECLARED_SELECTOR = YES;
				GCC_WARN_UNINITIALIZED_AUTOS = YES_AGGRESSIVE;
				GCC_WARN_UNUSED_FUNCTION = YES;
				GCC_WARN_UNUSED_VARIABLE = YES;
				IPHONEOS_DEPLOYMENT_TARGET = 13.0;
				MTL_ENABLE_DEBUG_INFO = NO;
				MTL_FAST_MATH = YES;
				SDKROOT = iphoneos;
				SWIFT_COMPILATION_MODE = wholemodule;
				SWIFT_OPTIMIZATION_LEVEL = "-O";
				VALIDATE_PRODUCT = YES;
			};
			name = Release;
		};
		B571681B23FA052C00F4B8E3 /* Debug */ = {
			isa = XCBuildConfiguration;
			baseConfigurationReference = 097738929FEFA9ECCD0F96A3 /* Pods-SWCharactersPractice.debug.xcconfig */;
			buildSettings = {
				ASSETCATALOG_COMPILER_APPICON_NAME = AppIcon;
				CODE_SIGN_STYLE = Automatic;
				DEVELOPMENT_TEAM = GK3VK46Z6V;
				INFOPLIST_FILE = SWCharactersPractice/Info.plist;
				LD_RUNPATH_SEARCH_PATHS = (
					"$(inherited)",
					"@executable_path/Frameworks",
				);
				MARKETING_VERSION = 1.0.0;
				PRODUCT_BUNDLE_IDENTIFIER = com.barmikser.SWCharactersPractice;
				PRODUCT_NAME = SWCharacters;
				SWIFT_VERSION = 5.0;
				TARGETED_DEVICE_FAMILY = "1,2";
			};
			name = Debug;
		};
		B571681C23FA052C00F4B8E3 /* Release */ = {
			isa = XCBuildConfiguration;
			baseConfigurationReference = E46AC823EF2B0A95C8387BC2 /* Pods-SWCharactersPractice.release.xcconfig */;
			buildSettings = {
				ASSETCATALOG_COMPILER_APPICON_NAME = AppIcon;
				CODE_SIGN_STYLE = Automatic;
				DEVELOPMENT_TEAM = GK3VK46Z6V;
				INFOPLIST_FILE = SWCharactersPractice/Info.plist;
				LD_RUNPATH_SEARCH_PATHS = (
					"$(inherited)",
					"@executable_path/Frameworks",
				);
				MARKETING_VERSION = 1.0.0;
				PRODUCT_BUNDLE_IDENTIFIER = com.barmikser.SWCharactersPractice;
				PRODUCT_NAME = SWCharacters;
				SWIFT_VERSION = 5.0;
				TARGETED_DEVICE_FAMILY = "1,2";
			};
			name = Release;
		};
/* End XCBuildConfiguration section */

/* Begin XCConfigurationList section */
		B57167FE23FA052B00F4B8E3 /* Build configuration list for PBXProject "SWCharactersPractice" */ = {
			isa = XCConfigurationList;
			buildConfigurations = (
				B571681823FA052C00F4B8E3 /* Debug */,
				B571681923FA052C00F4B8E3 /* Release */,
			);
			defaultConfigurationIsVisible = 0;
			defaultConfigurationName = Release;
		};
		B571681A23FA052C00F4B8E3 /* Build configuration list for PBXNativeTarget "SWCharactersPractice" */ = {
			isa = XCConfigurationList;
			buildConfigurations = (
				B571681B23FA052C00F4B8E3 /* Debug */,
				B571681C23FA052C00F4B8E3 /* Release */,
			);
			defaultConfigurationIsVisible = 0;
			defaultConfigurationName = Release;
		};
/* End XCConfigurationList section */

/* Begin XCVersionGroup section */
		B571680F23FA052B00F4B8E3 /* SWCharactersPractice.xcdatamodeld */ = {
			isa = XCVersionGroup;
			children = (
				B571681023FA052B00F4B8E3 /* SWCharactersPractice.xcdatamodel */,
			);
			currentVersion = B571681023FA052B00F4B8E3 /* SWCharactersPractice.xcdatamodel */;
			path = SWCharactersPractice.xcdatamodeld;
			sourceTree = "<group>";
			versionGroupType = wrapper.xcdatamodel;
		};
/* End XCVersionGroup section */
	};
	rootObject = B57167FB23FA052B00F4B8E3 /* Project object */;
}
